{
  "libraries": [
    {
      "name": "whatsapp-web.js",
      "description": "WhatsApp Web API library for Node.js",
      "url": "https://github.com/pedroslopez/whatsapp-web.js"
    },
    {
      "name": "axios",
      "description": "Promise-based HTTP client for Node.js",
      "url": "https://github.com/axios/axios"
    },
    {
      "name": "fs",
      "description": "Node.js built-in 'fs' module for file system operations",
      "url": "https://nodejs.org/api/fs.html"
    },
    {
      "name": "messagemedia",
      "description": "MessageMedia API client library",
      "url": "https://developers.messagemedia.com/code/node-js"
    },
    {
      "name": "path",
      "description": "Node.js built-in 'path' module for working with file and directory paths",
      "url": "https://nodejs.org/api/path.html"
    }
  ]
}
